# auto-generated by grc.converter

id: AISTX_Build_Frame
label: AIS Frame Builder
category: AISTX

parameters:
-   id: sentence
    label: Sentence
    dtype: string
    default: '010010000011101011110111001110011000100000000000000000100000001011001000001011000101000110100010010100001101011001111011000011111111111011100101110011100000000000000110'
-   id: repeat
    label: Repeat
    dtype: enum
    default: 'True'
    options: ['True', 'False']
    option_labels: ['Yes', 'No']
-   id: enable_NRZI
    label: Enable_NRZI_Conversion
    dtype: enum
    default: 'True'
    options: ['True', 'False']
    option_labels: ['Yes', 'No']

outputs:
-   domain: stream
    dtype: byte

templates:
    imports: import aistx
    make: aistx.Build_Frame(${sentence}, ${repeat}, ${enable_NRZI})

file_format: 1
